
Microsoft Visual Studio Solution File, Format Version 12.00
# Visual Studio Version 16
VisualStudioVersion = 16.0.29201.188
MinimumVisualStudioVersion = 10.0.40219.1
Project("{9A19103F-16F7-4668-BE54-9A1E7A4F7556}") = "Brook.Totp", "Brook.Totp\Brook.Totp.csproj", "{A3EFBC99-B91B-4E09-9573-732079E328EA}"
EndProject
Project("{9A19103F-16F7-4668-BE54-9A1E7A4F7556}") = "Brook.Totp.Tests", "Brook.Totp.Tests\Brook.Totp.Tests.csproj", "{630CCA83-8415-4BFF-BB3D-A5D486852B7F}"
EndProject
Project("{9A19103F-16F7-4668-BE54-9A1E7A4F7556}") = "Brook.Totp.WebApi2FA", "Brook.Totp.WebApi2FA\Brook.Totp.WebApi2FA.csproj", "{E5C2DBDD-FA66-4501-83B5-F2CB1E90C787}"
EndProject
Project("{9A19103F-16F7-4668-BE54-9A1E7A4F7556}") = "Brook.Totp.WebLogin2FA", "Brook.Totp.WebLogin2FA\Brook.Totp.WebLogin2FA.csproj", "{C179188F-0355-40E5-A860-E49EF27D2F46}"
EndProject
Global
	GlobalSection(SolutionConfigurationPlatforms) = preSolution
		Debug|Any CPU = Debug|Any CPU
		Release|Any CPU = Release|Any CPU
	EndGlobalSection
	GlobalSection(ProjectConfigurationPlatforms) = postSolution
		{A3EFBC99-B91B-4E09-9573-732079E328EA}.Debug|Any CPU.ActiveCfg = Debug|Any CPU
		{A3EFBC99-B91B-4E09-9573-732079E328EA}.Debug|Any CPU.Build.0 = Debug|Any CPU
		{A3EFBC99-B91B-4E09-9573-732079E328EA}.Release|Any CPU.ActiveCfg = Release|Any CPU
		{A3EFBC99-B91B-4E09-9573-732079E328EA}.Release|Any CPU.Build.0 = Release|Any CPU
		{630CCA83-8415-4BFF-BB3D-A5D486852B7F}.Debug|Any CPU.ActiveCfg = Debug|Any CPU
		{630CCA83-8415-4BFF-BB3D-A5D486852B7F}.Debug|Any CPU.Build.0 = Debug|Any CPU
		{630CCA83-8415-4BFF-BB3D-A5D486852B7F}.Release|Any CPU.ActiveCfg = Release|Any CPU
		{630CCA83-8415-4BFF-BB3D-A5D486852B7F}.Release|Any CPU.Build.0 = Release|Any CPU
		{E5C2DBDD-FA66-4501-83B5-F2CB1E90C787}.Debug|Any CPU.ActiveCfg = Debug|Any CPU
		{E5C2DBDD-FA66-4501-83B5-F2CB1E90C787}.Debug|Any CPU.Build.0 = Debug|Any CPU
		{E5C2DBDD-FA66-4501-83B5-F2CB1E90C787}.Release|Any CPU.ActiveCfg = Release|Any CPU
		{E5C2DBDD-FA66-4501-83B5-F2CB1E90C787}.Release|Any CPU.Build.0 = Release|Any CPU
		{C179188F-0355-40E5-A860-E49EF27D2F46}.Debug|Any CPU.ActiveCfg = Debug|Any CPU
		{C179188F-0355-40E5-A860-E49EF27D2F46}.Debug|Any CPU.Build.0 = Debug|Any CPU
		{C179188F-0355-40E5-A860-E49EF27D2F46}.Release|Any CPU.ActiveCfg = Release|Any CPU
		{C179188F-0355-40E5-A860-E49EF27D2F46}.Release|Any CPU.Build.0 = Release|Any CPU
	EndGlobalSection
	GlobalSection(SolutionProperties) = preSolution
		HideSolutionNode = FALSE
	EndGlobalSection
	GlobalSection(ExtensibilityGlobals) = postSolution
		SolutionGuid = {BCD3571F-7CDB-499B-9FC4-9D6435350305}
	EndGlobalSection
EndGlobal
